// !$*UTF8*$!
{
	archiveVersion = 1;
	classes = {
	};
	objectVersion = 50;
	objects = {

/* Begin PBXBuildFile section */
		4971604A241BF6100076CC83 /* AppDelegate.swift in Sources */ = {isa = PBXBuildFile; fileRef = 49716049241BF6100076CC83 /* AppDelegate.swift */; };
		4971604C241BF6100076CC83 /* SceneDelegate.swift in Sources */ = {isa = PBXBuildFile; fileRef = 4971604B241BF6100076CC83 /* SceneDelegate.swift */; };
		4971604E241BF6100076CC83 /* ViewController.swift in Sources */ = {isa = PBXBuildFile; fileRef = 4971604D241BF6100076CC83 /* ViewController.swift */; };
		49716051241BF6100076CC83 /* Main.storyboard in Resources */ = {isa = PBXBuildFile; fileRef = 4971604F241BF6100076CC83 /* Main.storyboard */; };
		49716054241BF6100076CC83 /* FilmApp.xcdatamodeld in Sources */ = {isa = PBXBuildFile; fileRef = 49716052241BF6100076CC83 /* FilmApp.xcdatamodeld */; };
		49716056241BF6110076CC83 /* Assets.xcassets in Resources */ = {isa = PBXBuildFile; fileRef = 49716055241BF6110076CC83 /* Assets.xcassets */; };
		49716059241BF6110076CC83 /* LaunchScreen.storyboard in Resources */ = {isa = PBXBuildFile; fileRef = 49716057241BF6110076CC83 /* LaunchScreen.storyboard */; };
		49716064241BF6110076CC83 /* FilmAppTests.swift in Sources */ = {isa = PBXBuildFile; fileRef = 49716063241BF6110076CC83 /* FilmAppTests.swift */; };
		4971606F241BF6110076CC83 /* FilmAppUITests.swift in Sources */ = {isa = PBXBuildFile; fileRef = 4971606E241BF6110076CC83 /* FilmAppUITests.swift */; };
/* End PBXBuildFile section */

/* Begin PBXContainerItemProxy section */
		49716060241BF6110076CC83 /* PBXContainerItemProxy */ = {
			isa = PBXContainerItemProxy;
			containerPortal = 4971603E241BF6100076CC83 /* Project object */;
			proxyType = 1;
			remoteGlobalIDString = 49716045241BF6100076CC83;
			remoteInfo = FilmApp;
		};
		4971606B241BF6110076CC83 /* PBXContainerItemProxy */ = {
			isa = PBXContainerItemProxy;
			containerPortal = 4971603E241BF6100076CC83 /* Project object */;
			proxyType = 1;
			remoteGlobalIDString = 49716045241BF6100076CC83;
			remoteInfo = FilmApp;
		};
/* End PBXContainerItemProxy section */

/* Begin PBXFileReference section */
		49716046241BF6100076CC83 /* FilmApp.app */ = {isa = PBXFileReference; explicitFileType = wrapper.application; includeInIndex = 0; path = FilmApp.app; sourceTree = BUILT_PRODUCTS_DIR; };
		49716049241BF6100076CC83 /* AppDelegate.swift */ = {isa = PBXFileReference; lastKnownFileType = sourcecode.swift; path = AppDelegate.swift; sourceTree = "<group>"; };
		4971604B241BF6100076CC83 /* SceneDelegate.swift */ = {isa = PBXFileReference; lastKnownFileType = sourcecode.swift; path = SceneDelegate.swift; sourceTree = "<group>"; };
		4971604D241BF6100076CC83 /* ViewController.swift */ = {isa = PBXFileReference; lastKnownFileType = sourcecode.swift; path = ViewController.swift; sourceTree = "<group>"; };
		49716050241BF6100076CC83 /* Base */ = {isa = PBXFileReference; lastKnownFileType = file.storyboard; name = Base; path = Base.lproj/Main.storyboard; sourceTree = "<group>"; };
		49716053241BF6100076CC83 /* FilmApp.xcdatamodel */ = {isa = PBXFileReference; lastKnownFileType = wrapper.xcdatamodel; path = FilmApp.xcdatamodel; sourceTree = "<group>"; };
		49716055241BF6110076CC83 /* Assets.xcassets */ = {isa = PBXFileReference; lastKnownFileType = folder.assetcatalog; path = Assets.xcassets; sourceTree = "<group>"; };
		49716058241BF6110076CC83 /* Base */ = {isa = PBXFileReference; lastKnownFileType = file.storyboard; name = Base; path = Base.lproj/LaunchScreen.storyboard; sourceTree = "<group>"; };
		4971605A241BF6110076CC83 /* Info.plist */ = {isa = PBXFileReference; lastKnownFileType = text.plist.xml; path = Info.plist; sourceTree = "<group>"; };
		4971605F241BF6110076CC83 /* FilmAppTests.xctest */ = {isa = PBXFileReference; explicitFileType = wrapper.cfbundle; includeInIndex = 0; path = FilmAppTests.xctest; sourceTree = BUILT_PRODUCTS_DIR; };
		49716063241BF6110076CC83 /* FilmAppTests.swift */ = {isa = PBXFileReference; lastKnownFileType = sourcecode.swift; path = FilmAppTests.swift; sourceTree = "<group>"; };
		49716065241BF6110076CC83 /* Info.plist */ = {isa = PBXFileReference; lastKnownFileType = text.plist.xml; path = Info.plist; sourceTree = "<group>"; };
		4971606A241BF6110076CC83 /* FilmAppUITests.xctest */ = {isa = PBXFileReference; explicitFileType = wrapper.cfbundle; includeInIndex = 0; path = FilmAppUITests.xctest; sourceTree = BUILT_PRODUCTS_DIR; };
		4971606E241BF6110076CC83 /* FilmAppUITests.swift */ = {isa = PBXFileReference; lastKnownFileType = sourcecode.swift; path = FilmAppUITests.swift; sourceTree = "<group>"; };
		49716070241BF6110076CC83 /* Info.plist */ = {isa = PBXFileReference; lastKnownFileType = text.plist.xml; path = Info.plist; sourceTree = "<group>"; };
/* End PBXFileReference section */

/* Begin PBXFrameworksBuildPhase section */
		49716043241BF6100076CC83 /* Frameworks */ = {
			isa = PBXFrameworksBuildPhase;
			buildActionMask = 2147483647;
			files = (
			);
			runOnlyForDeploymentPostprocessing = 0;
		};
		4971605C241BF6110076CC83 /* Frameworks */ = {
			isa = PBXFrameworksBuildPhase;
			buildActionMask = 2147483647;
			files = (
			);
			runOnlyForDeploymentPostprocessing = 0;
		};
		49716067241BF6110076CC83 /* Frameworks */ = {
			isa = PBXFrameworksBuildPhase;
			buildActionMask = 2147483647;
			files = (
			);
			runOnlyForDeploymentPostprocessing = 0;
		};
/* End PBXFrameworksBuildPhase section */

/* Begin PBXGroup section */
		4971603D241BF6100076CC83 = {
			isa = PBXGroup;
			children = (
				49716048241BF6100076CC83 /* FilmApp */,
				49716062241BF6110076CC83 /* FilmAppTests */,
				4971606D241BF6110076CC83 /* FilmAppUITests */,
				49716047241BF6100076CC83 /* Products */,
			);
			sourceTree = "<group>";
		};
		49716047241BF6100076CC83 /* Products */ = {
			isa = PBXGroup;
			children = (
				49716046241BF6100076CC83 /* FilmApp.app */,
				4971605F241BF6110076CC83 /* FilmAppTests.xctest */,
				4971606A241BF6110076CC83 /* FilmAppUITests.xctest */,
			);
			name = Products;
			sourceTree = "<group>";
		};
		49716048241BF6100076CC83 /* FilmApp */ = {
			isa = PBXGroup;
			children = (
				49716049241BF6100076CC83 /* AppDelegate.swift */,
				4971604B241BF6100076CC83 /* SceneDelegate.swift */,
				4971604D241BF6100076CC83 /* ViewController.swift */,
				4971604F241BF6100076CC83 /* Main.storyboard */,
				49716055241BF6110076CC83 /* Assets.xcassets */,
				49716057241BF6110076CC83 /* LaunchScreen.storyboard */,
				4971605A241BF6110076CC83 /* Info.plist */,
				49716052241BF6100076CC83 /* FilmApp.xcdatamodeld */,
			);
			path = FilmApp;
			sourceTree = "<group>";
		};
		49716062241BF6110076CC83 /* FilmAppTests */ = {
			isa = PBXGroup;
			children = (
				49716063241BF6110076CC83 /* FilmAppTests.swift */,
				49716065241BF6110076CC83 /* Info.plist */,
			);
			path = FilmAppTests;
			sourceTree = "<group>";
		};
		4971606D241BF6110076CC83 /* FilmAppUITests */ = {
			isa = PBXGroup;
			children = (
				4971606E241BF6110076CC83 /* FilmAppUITests.swift */,
				49716070241BF6110076CC83 /* Info.plist */,
			);
			path = FilmAppUITests;
			sourceTree = "<group>";
		};
/* End PBXGroup section */

/* Begin PBXNativeTarget section */
		49716045241BF6100076CC83 /* FilmApp */ = {
			isa = PBXNativeTarget;
			buildConfigurationList = 49716073241BF6110076CC83 /* Build configuration list for PBXNativeTarget "FilmApp" */;
			buildPhases = (
				49716042241BF6100076CC83 /* Sources */,
				49716043241BF6100076CC83 /* Frameworks */,
				49716044241BF6100076CC83 /* Resources */,
			);
			buildRules = (
			);
			dependencies = (
			);
			name = FilmApp;
			productName = FilmApp;
			productReference = 49716046241BF6100076CC83 /* FilmApp.app */;
			productType = "com.apple.product-type.application";
		};
		4971605E241BF6110076CC83 /* FilmAppTests */ = {
			isa = PBXNativeTarget;
			buildConfigurationList = 49716076241BF6110076CC83 /* Build configuration list for PBXNativeTarget "FilmAppTests" */;
			buildPhases = (
				4971605B241BF6110076CC83 /* Sources */,
				4971605C241BF6110076CC83 /* Frameworks */,
				4971605D241BF6110076CC83 /* Resources */,
			);
			buildRules = (
			);
			dependencies = (
				49716061241BF6110076CC83 /* PBXTargetDependency */,
			);
			name = FilmAppTests;
			productName = FilmAppTests;
			productReference = 4971605F241BF6110076CC83 /* FilmAppTests.xctest */;
			productType = "com.apple.product-type.bundle.unit-test";
		};
		49716069241BF6110076CC83 /* FilmAppUITests */ = {
			isa = PBXNativeTarget;
			buildConfigurationList = 49716079241BF6110076CC83 /* Build configuration list for PBXNativeTarget "FilmAppUITests" */;
			buildPhases = (
				49716066241BF6110076CC83 /* Sources */,
				49716067241BF6110076CC83 /* Frameworks */,
				49716068241BF6110076CC83 /* Resources */,
			);
			buildRules = (
			);
			dependencies = (
				4971606C241BF6110076CC83 /* PBXTargetDependency */,
			);
			name = FilmAppUITests;
			productName = FilmAppUITests;
			productReference = 4971606A241BF6110076CC83 /* FilmAppUITests.xctest */;
			productType = "com.apple.product-type.bundle.ui-testing";
		};
/* End PBXNativeTarget section */

/* Begin PBXProject section */
		4971603E241BF6100076CC83 /* Project object */ = {
			isa = PBXProject;
			attributes = {
				LastSwiftUpdateCheck = 1130;
				LastUpgradeCheck = 1130;
				ORGANIZATIONNAME = rpozzuto;
				TargetAttributes = {
					49716045241BF6100076CC83 = {
						CreatedOnToolsVersion = 11.3.1;
					};
					4971605E241BF6110076CC83 = {
						CreatedOnToolsVersion = 11.3.1;
						TestTargetID = 49716045241BF6100076CC83;
					};
					49716069241BF6110076CC83 = {
						CreatedOnToolsVersion = 11.3.1;
						TestTargetID = 49716045241BF6100076CC83;
					};
				};
			};
			buildConfigurationList = 49716041241BF6100076CC83 /* Build configuration list for PBXProject "FilmApp" */;
			compatibilityVersion = "Xcode 9.3";
			developmentRegion = en;
			hasScannedForEncodings = 0;
			knownRegions = (
				en,
				Base,
			);
			mainGroup = 4971603D241BF6100076CC83;
			productRefGroup = 49716047241BF6100076CC83 /* Products */;
			projectDirPath = "";
			projectRoot = "";
			targets = (
				49716045241BF6100076CC83 /* FilmApp */,
				4971605E241BF6110076CC83 /* FilmAppTests */,
				49716069241BF6110076CC83 /* FilmAppUITests */,
			);
		};
/* End PBXProject section */

/* Begin PBXResourcesBuildPhase section */
		49716044241BF6100076CC83 /* Resources */ = {
			isa = PBXResourcesBuildPhase;
			buildActionMask = 2147483647;
			files = (
				49716059241BF6110076CC83 /* LaunchScreen.storyboard in Resources */,
				49716056241BF6110076CC83 /* Assets.xcassets in Resources */,
				49716051241BF6100076CC83 /* Main.storyboard in Resources */,
			);
			runOnlyForDeploymentPostprocessing = 0;
		};
		4971605D241BF6110076CC83 /* Resources */ = {
			isa = PBXResourcesBuildPhase;
			buildActionMask = 2147483647;
			files = (
			);
			runOnlyForDeploymentPostprocessing = 0;
		};
		49716068241BF6110076CC83 /* Resources */ = {
			isa = PBXResourcesBuildPhase;
			buildActionMask = 2147483647;
			files = (
			);
			runOnlyForDeploymentPostprocessing = 0;
		};
/* End PBXResourcesBuildPhase section */

/* Begin PBXSourcesBuildPhase section */
		49716042241BF6100076CC83 /* Sources */ = {
			isa = PBXSourcesBuildPhase;
			buildActionMask = 2147483647;
			files = (
				4971604E241BF6100076CC83 /* ViewController.swift in Sources */,
				49716054241BF6100076CC83 /* FilmApp.xcdatamodeld in Sources */,
				4971604A241BF6100076CC83 /* AppDelegate.swift in Sources */,
				4971604C241BF6100076CC83 /* SceneDelegate.swift in Sources */,
			);
			runOnlyForDeploymentPostprocessing = 0;
		};
		4971605B241BF6110076CC83 /* Sources */ = {
			isa = PBXSourcesBuildPhase;
			buildActionMask = 2147483647;
			files = (
				49716064241BF6110076CC83 /* FilmAppTests.swift in Sources */,
			);
			runOnlyForDeploymentPostprocessing = 0;
		};
		49716066241BF6110076CC83 /* Sources */ = {
			isa = PBXSourcesBuildPhase;
			buildActionMask = 2147483647;
			files = (
				4971606F241BF6110076CC83 /* FilmAppUITests.swift in Sources */,
			);
			runOnlyForDeploymentPostprocessing = 0;
		};
/* End PBXSourcesBuildPhase section */

/* Begin PBXTargetDependency section */
		49716061241BF6110076CC83 /* PBXTargetDependency */ = {
			isa = PBXTargetDependency;
			target = 49716045241BF6100076CC83 /* FilmApp */;
			targetProxy = 49716060241BF6110076CC83 /* PBXContainerItemProxy */;
		};
		4971606C241BF6110076CC83 /* PBXTargetDependency */ = {
			isa = PBXTargetDependency;
			target = 49716045241BF6100076CC83 /* FilmApp */;
			targetProxy = 4971606B241BF6110076CC83 /* PBXContainerItemProxy */;
		};
/* End PBXTargetDependency section */

/* Begin PBXVariantGroup section */
		4971604F241BF6100076CC83 /* Main.storyboard */ = {
			isa = PBXVariantGroup;
			children = (
				49716050241BF6100076CC83 /* Base */,
			);
			name = Main.storyboard;
			sourceTree = "<group>";
		};
		49716057241BF6110076CC83 /* LaunchScreen.storyboard */ = {
			isa = PBXVariantGroup;
			children = (
				49716058241BF6110076CC83 /* Base */,
			);
			name = LaunchScreen.storyboard;
			sourceTree = "<group>";
		};
/* End PBXVariantGroup section */

/* Begin XCBuildConfiguration section */
		49716071241BF6110076CC83 /* Debug */ = {
			isa = XCBuildConfiguration;
			buildSettings = {
				ALWAYS_SEARCH_USER_PATHS = NO;
				CLANG_ANALYZER_NONNULL = YES;
				CLANG_ANALYZER_NUMBER_OBJECT_CONVERSION = YES_AGGRESSIVE;
				CLANG_CXX_LANGUAGE_STANDARD = "gnu++14";
				CLANG_CXX_LIBRARY = "libc++";
				CLANG_ENABLE_MODULES = YES;
				CLANG_ENABLE_OBJC_ARC = YES;
				CLANG_ENABLE_OBJC_WEAK = YES;
				CLANG_WARN_BLOCK_CAPTURE_AUTORELEASING = YES;
				CLANG_WARN_BOOL_CONVERSION = YES;
				CLANG_WARN_COMMA = YES;
				CLANG_WARN_CONSTANT_CONVERSION = YES;
				CLANG_WARN_DEPRECATED_OBJC_IMPLEMENTATIONS = YES;
				CLANG_WARN_DIRECT_OBJC_ISA_USAGE = YES_ERROR;
				CLANG_WARN_DOCUMENTATION_COMMENTS = YES;
				CLANG_WARN_EMPTY_BODY = YES;
				CLANG_WARN_ENUM_CONVERSION = YES;
				CLANG_WARN_INFINITE_RECURSION = YES;
				CLANG_WARN_INT_CONVERSION = YES;
				CLANG_WARN_NON_LITERAL_NULL_CONVERSION = YES;
				CLANG_WARN_OBJC_IMPLICIT_RETAIN_SELF = YES;
				CLANG_WARN_OBJC_LITERAL_CONVERSION = YES;
				CLANG_WARN_OBJC_ROOT_CLASS = YES_ERROR;
				CLANG_WARN_RANGE_LOOP_ANALYSIS = YES;
				CLANG_WARN_STRICT_PROTOTYPES = YES;
				CLANG_WARN_SUSPICIOUS_MOVE = YES;
				CLANG_WARN_UNGUARDED_AVAILABILITY = YES_AGGRESSIVE;
				CLANG_WARN_UNREACHABLE_CODE = YES;
				CLANG_WARN__DUPLICATE_METHOD_MATCH = YES;
				COPY_PHASE_STRIP = NO;
				DEBUG_INFORMATION_FORMAT = dwarf;
				ENABLE_STRICT_OBJC_MSGSEND = YES;
				ENABLE_TESTABILITY = YES;
				GCC_C_LANGUAGE_STANDARD = gnu11;
				GCC_DYNAMIC_NO_PIC = NO;
				GCC_NO_COMMON_BLOCKS = YES;
				GCC_OPTIMIZATION_LEVEL = 0;
				GCC_PREPROCESSOR_DEFINITIONS = (
					"DEBUG=1",
					"$(inherited)",
				);
				GCC_WARN_64_TO_32_BIT_CONVERSION = YES;
				GCC_WARN_ABOUT_RETURN_TYPE = YES_ERROR;
				GCC_WARN_UNDECLARED_SELECTOR = YES;
				GCC_WARN_UNINITIALIZED_AUTOS = YES_AGGRESSIVE;
				GCC_WARN_UNUSED_FUNCTION = YES;
				GCC_WARN_UNUSED_VARIABLE = YES;
				IPHONEOS_DEPLOYMENT_TARGET = 13.2;
				MTL_ENABLE_DEBUG_INFO = INCLUDE_SOURCE;
				MTL_FAST_MATH = YES;
				ONLY_ACTIVE_ARCH = YES;
				SDKROOT = iphoneos;
				SWIFT_ACTIVE_COMPILATION_CONDITIONS = DEBUG;
				SWIFT_OPTIMIZATION_LEVEL = "-Onone";
			};
			name = Debug;
		};
		49716072241BF6110076CC83 /* Release */ = {
			isa = XCBuildConfiguration;
			buildSettings = {
				ALWAYS_SEARCH_USER_PATHS = NO;
				CLANG_ANALYZER_NONNULL = YES;
				CLANG_ANALYZER_NUMBER_OBJECT_CONVERSION = YES_AGGRESSIVE;
				CLANG_CXX_LANGUAGE_STANDARD = "gnu++14";
				CLANG_CXX_LIBRARY = "libc++";
				CLANG_ENABLE_MODULES = YES;
				CLANG_ENABLE_OBJC_ARC = YES;
				CLANG_ENABLE_OBJC_WEAK = YES;
				CLANG_WARN_BLOCK_CAPTURE_AUTORELEASING = YES;
				CLANG_WARN_BOOL_CONVERSION = YES;
				CLANG_WARN_COMMA = YES;
				CLANG_WARN_CONSTANT_CONVERSION = YES;
				CLANG_WARN_DEPRECATED_OBJC_IMPLEMENTATIONS = YES;
				CLANG_WARN_DIRECT_OBJC_ISA_USAGE = YES_ERROR;
				CLANG_WARN_DOCUMENTATION_COMMENTS = YES;
				CLANG_WARN_EMPTY_BODY = YES;
				CLANG_WARN_ENUM_CONVERSION = YES;
				CLANG_WARN_INFINITE_RECURSION = YES;
				CLANG_WARN_INT_CONVERSION = YES;
				CLANG_WARN_NON_LITERAL_NULL_CONVERSION = YES;
				CLANG_WARN_OBJC_IMPLICIT_RETAIN_SELF = YES;
				CLANG_WARN_OBJC_LITERAL_CONVERSION = YES;
				CLANG_WARN_OBJC_ROOT_CLASS = YES_ERROR;
				CLANG_WARN_RANGE_LOOP_ANALYSIS = YES;
				CLANG_WARN_STRICT_PROTOTYPES = YES;
				CLANG_WARN_SUSPICIOUS_MOVE = YES;
				CLANG_WARN_UNGUARDED_AVAILABILITY = YES_AGGRESSIVE;
				CLANG_WARN_UNREACHABLE_CODE = YES;
				CLANG_WARN__DUPLICATE_METHOD_MATCH = YES;
				COPY_PHASE_STRIP = NO;
				DEBUG_INFORMATION_FORMAT = "dwarf-with-dsym";
				ENABLE_NS_ASSERTIONS = NO;
				ENABLE_STRICT_OBJC_MSGSEND = YES;
				GCC_C_LANGUAGE_STANDARD = gnu11;
				GCC_NO_COMMON_BLOCKS = YES;
				GCC_WARN_64_TO_32_BIT_CONVERSION = YES;
				GCC_WARN_ABOUT_RETURN_TYPE = YES_ERROR;
				GCC_WARN_UNDECLARED_SELECTOR = YES;
				GCC_WARN_UNINITIALIZED_AUTOS = YES_AGGRESSIVE;
				GCC_WARN_UNUSED_FUNCTION = YES;
				GCC_WARN_UNUSED_VARIABLE = YES;
				IPHONEOS_DEPLOYMENT_TARGET = 13.2;
				MTL_ENABLE_DEBUG_INFO = NO;
				MTL_FAST_MATH = YES;
				SDKROOT = iphoneos;
				SWIFT_COMPILATION_MODE = wholemodule;
				SWIFT_OPTIMIZATION_LEVEL = "-O";
				VALIDATE_PRODUCT = YES;
			};
			name = Release;
		};
		49716074241BF6110076CC83 /* Debug */ = {
			isa = XCBuildConfiguration;
			buildSettings = {
				ASSETCATALOG_COMPILER_APPICON_NAME = AppIcon;
				CODE_SIGN_STYLE = Automatic;
				INFOPLIST_FILE = FilmApp/Info.plist;
				LD_RUNPATH_SEARCH_PATHS = (
					"$(inherited)",
					"@executable_path/Frameworks",
				);
				PRODUCT_BUNDLE_IDENTIFIER = com.romina.FilmApp;
				PRODUCT_NAME = "$(TARGET_NAME)";
				SWIFT_VERSION = 5.0;
				TARGETED_DEVICE_FAMILY = "1,2";
			};
			name = Debug;
		};
		49716075241BF6110076CC83 /* Release */ = {
			isa = XCBuildConfiguration;
			buildSettings = {
				ASSETCATALOG_COMPILER_APPICON_NAME = AppIcon;
				CODE_SIGN_STYLE = Automatic;
				INFOPLIST_FILE = FilmApp/Info.plist;
				LD_RUNPATH_SEARCH_PATHS = (
					"$(inherited)",
					"@executable_path/Frameworks",
				);
				PRODUCT_BUNDLE_IDENTIFIER = com.romina.FilmApp;
				PRODUCT_NAME = "$(TARGET_NAME)";
				SWIFT_VERSION = 5.0;
				TARGETED_DEVICE_FAMILY = "1,2";
			};
			name = Release;
		};
		49716077241BF6110076CC83 /* Debug */ = {
			isa = XCBuildConfiguration;
			buildSettings = {
				ALWAYS_EMBED_SWIFT_STANDARD_LIBRARIES = YES;
				BUNDLE_LOADER = "$(TEST_HOST)";
				CODE_SIGN_STYLE = Automatic;
				INFOPLIST_FILE = FilmAppTests/Info.plist;
				IPHONEOS_DEPLOYMENT_TARGET = 13.2;
				LD_RUNPATH_SEARCH_PATHS = (
					"$(inherited)",
					"@executable_path/Frameworks",
					"@loader_path/Frameworks",
				);
				PRODUCT_BUNDLE_IDENTIFIER = com.romina.FilmAppTests;
				PRODUCT_NAME = "$(TARGET_NAME)";
				SWIFT_VERSION = 5.0;
				TARGETED_DEVICE_FAMILY = "1,2";
				TEST_HOST = "$(BUILT_PRODUCTS_DIR)/FilmApp.app/FilmApp";
			};
			name = Debug;
		};
		49716078241BF6110076CC83 /* Release */ = {
			isa = XCBuildConfiguration;
			buildSettings = {
				ALWAYS_EMBED_SWIFT_STANDARD_LIBRARIES = YES;
				BUNDLE_LOADER = "$(TEST_HOST)";
				CODE_SIGN_STYLE = Automatic;
				INFOPLIST_FILE = FilmAppTests/Info.plist;
				IPHONEOS_DEPLOYMENT_TARGET = 13.2;
				LD_RUNPATH_SEARCH_PATHS = (
					"$(inherited)",
					"@executable_path/Frameworks",
					"@loader_path/Frameworks",
				);
				PRODUCT_BUNDLE_IDENTIFIER = com.romina.FilmAppTests;
				PRODUCT_NAME = "$(TARGET_NAME)";
				SWIFT_VERSION = 5.0;
				TARGETED_DEVICE_FAMILY = "1,2";
				TEST_HOST = "$(BUILT_PRODUCTS_DIR)/FilmApp.app/FilmApp";
			};
			name = Release;
		};
		4971607A241BF6110076CC83 /* Debug */ = {
			isa = XCBuildConfiguration;
			buildSettings = {
				ALWAYS_EMBED_SWIFT_STANDARD_LIBRARIES = YES;
				CODE_SIGN_STYLE = Automatic;
				INFOPLIST_FILE = FilmAppUITests/Info.plist;
				LD_RUNPATH_SEARCH_PATHS = (
					"$(inherited)",
					"@executable_path/Frameworks",
					"@loader_path/Frameworks",
				);
				PRODUCT_BUNDLE_IDENTIFIER = com.romina.FilmAppUITests;
				PRODUCT_NAME = "$(TARGET_NAME)";
				SWIFT_VERSION = 5.0;
				TARGETED_DEVICE_FAMILY = "1,2";
				TEST_TARGET_NAME = FilmApp;
			};
			name = Debug;
		};
		4971607B241BF6110076CC83 /* Release */ = {
			isa = XCBuildConfiguration;
			buildSettings = {
				ALWAYS_EMBED_SWIFT_STANDARD_LIBRARIES = YES;
				CODE_SIGN_STYLE = Automatic;
				INFOPLIST_FILE = FilmAppUITests/Info.plist;
				LD_RUNPATH_SEARCH_PATHS = (
					"$(inherited)",
					"@executable_path/Frameworks",
					"@loader_path/Frameworks",
				);
				PRODUCT_BUNDLE_IDENTIFIER = com.romina.FilmAppUITests;
				PRODUCT_NAME = "$(TARGET_NAME)";
				SWIFT_VERSION = 5.0;
				TARGETED_DEVICE_FAMILY = "1,2";
				TEST_TARGET_NAME = FilmApp;
			};
			name = Release;
		};
/* End XCBuildConfiguration section */

/* Begin XCConfigurationList section */
		49716041241BF6100076CC83 /* Build configuration list for PBXProject "FilmApp" */ = {
			isa = XCConfigurationList;
			buildConfigurations = (
				49716071241BF6110076CC83 /* Debug */,
				49716072241BF6110076CC83 /* Release */,
			);
			defaultConfigurationIsVisible = 0;
			defaultConfigurationName = Release;
		};
		49716073241BF6110076CC83 /* Build configuration list for PBXNativeTarget "FilmApp" */ = {
			isa = XCConfigurationList;
			buildConfigurations = (
				49716074241BF6110076CC83 /* Debug */,
				49716075241BF6110076CC83 /* Release */,
			);
			defaultConfigurationIsVisible = 0;
			defaultConfigurationName = Release;
		};
		49716076241BF6110076CC83 /* Build configuration list for PBXNativeTarget "FilmAppTests" */ = {
			isa = XCConfigurationList;
			buildConfigurations = (
				49716077241BF6110076CC83 /* Debug */,
				49716078241BF6110076CC83 /* Release */,
			);
			defaultConfigurationIsVisible = 0;
			defaultConfigurationName = Release;
		};
		49716079241BF6110076CC83 /* Build configuration list for PBXNativeTarget "FilmAppUITests" */ = {
			isa = XCConfigurationList;
			buildConfigurations = (
				4971607A241BF6110076CC83 /* Debug */,
				4971607B241BF6110076CC83 /* Release */,
			);
			defaultConfigurationIsVisible = 0;
			defaultConfigurationName = Release;
		};
/* End XCConfigurationList section */

/* Begin XCVersionGroup section */
		49716052241BF6100076CC83 /* FilmApp.xcdatamodeld */ = {
			isa = XCVersionGroup;
			children = (
				49716053241BF6100076CC83 /* FilmApp.xcdatamodel */,
			);
			currentVersion = 49716053241BF6100076CC83 /* FilmApp.xcdatamodel */;
			path = FilmApp.xcdatamodeld;
			sourceTree = "<group>";
			versionGroupType = wrapper.xcdatamodel;
		};
/* End XCVersionGroup section */
	};
	rootObject = 4971603E241BF6100076CC83 /* Project object */;
}
