// !$*UTF8*$!
{
	archiveVersion = 1;
	classes = {
	};
	objectVersion = 51;
	objects = {

/* Begin PBXBuildFile section */
		2BC34ABAAE5BCDB85514E284 /* Pods_FilmAppTests.framework in Frameworks */ = {isa = PBXBuildFile; fileRef = 89884DFE71366BC25B87518F /* Pods_FilmAppTests.framework */; };
		4971604A241BF6100076CC83 /* AppDelegate.swift in Sources */ = {isa = PBXBuildFile; fileRef = 49716049241BF6100076CC83 /* AppDelegate.swift */; };
		4971604C241BF6100076CC83 /* SceneDelegate.swift in Sources */ = {isa = PBXBuildFile; fileRef = 4971604B241BF6100076CC83 /* SceneDelegate.swift */; };
		4971604E241BF6100076CC83 /* ViewController.swift in Sources */ = {isa = PBXBuildFile; fileRef = 4971604D241BF6100076CC83 /* ViewController.swift */; };
		49716051241BF6100076CC83 /* Main.storyboard in Resources */ = {isa = PBXBuildFile; fileRef = 4971604F241BF6100076CC83 /* Main.storyboard */; };
		49716054241BF6100076CC83 /* FilmApp.xcdatamodeld in Sources */ = {isa = PBXBuildFile; fileRef = 49716052241BF6100076CC83 /* FilmApp.xcdatamodeld */; };
		49716056241BF6110076CC83 /* Assets.xcassets in Resources */ = {isa = PBXBuildFile; fileRef = 49716055241BF6110076CC83 /* Assets.xcassets */; };
		49716059241BF6110076CC83 /* LaunchScreen.storyboard in Resources */ = {isa = PBXBuildFile; fileRef = 49716057241BF6110076CC83 /* LaunchScreen.storyboard */; };
		49716064241BF6110076CC83 /* FilmAppTests.swift in Sources */ = {isa = PBXBuildFile; fileRef = 49716063241BF6110076CC83 /* FilmAppTests.swift */; };
		4971606F241BF6110076CC83 /* FilmAppUITests.swift in Sources */ = {isa = PBXBuildFile; fileRef = 4971606E241BF6110076CC83 /* FilmAppUITests.swift */; };
		49716095241BFA8C0076CC83 /* Alamofire.framework in Frameworks */ = {isa = PBXBuildFile; fileRef = 49716087241BFA5D0076CC83 /* Alamofire.framework */; };
		49716096241BFA8C0076CC83 /* Alamofire.framework in Embed Frameworks */ = {isa = PBXBuildFile; fileRef = 49716087241BFA5D0076CC83 /* Alamofire.framework */; settings = {ATTRIBUTES = (CodeSignOnCopy, RemoveHeadersOnCopy, ); }; };
		49716097241BFA8C0076CC83 /* Alamofire.framework in Frameworks */ = {isa = PBXBuildFile; fileRef = 4971608B241BFA5D0076CC83 /* Alamofire.framework */; };
		49716098241BFA8C0076CC83 /* Alamofire.framework in Embed Frameworks */ = {isa = PBXBuildFile; fileRef = 4971608B241BFA5D0076CC83 /* Alamofire.framework */; settings = {ATTRIBUTES = (CodeSignOnCopy, RemoveHeadersOnCopy, ); }; };
		49716099241BFA8C0076CC83 /* Alamofire.framework in Frameworks */ = {isa = PBXBuildFile; fileRef = 49716093241BFA5D0076CC83 /* Alamofire.framework */; };
		4971609A241BFA8C0076CC83 /* Alamofire.framework in Embed Frameworks */ = {isa = PBXBuildFile; fileRef = 49716093241BFA5D0076CC83 /* Alamofire.framework */; settings = {ATTRIBUTES = (CodeSignOnCopy, RemoveHeadersOnCopy, ); }; };
		4971609B241BFA8C0076CC83 /* Alamofire.framework in Frameworks */ = {isa = PBXBuildFile; fileRef = 4971608F241BFA5D0076CC83 /* Alamofire.framework */; };
		4971609C241BFA8C0076CC83 /* Alamofire.framework in Embed Frameworks */ = {isa = PBXBuildFile; fileRef = 4971608F241BFA5D0076CC83 /* Alamofire.framework */; settings = {ATTRIBUTES = (CodeSignOnCopy, RemoveHeadersOnCopy, ); }; };
		497160AF241C078B0076CC83 /* CellFilm.xib in Resources */ = {isa = PBXBuildFile; fileRef = 497160AE241C078B0076CC83 /* CellFilm.xib */; };
		497160B1241C07F70076CC83 /* CellFilm.swift in Sources */ = {isa = PBXBuildFile; fileRef = 497160B0241C07F70076CC83 /* CellFilm.swift */; };
		497160B3241C0B640076CC83 /* FilmModel.swift in Sources */ = {isa = PBXBuildFile; fileRef = 497160B2241C0B640076CC83 /* FilmModel.swift */; };
		497160B5241C0B740076CC83 /* FilmService.swift in Sources */ = {isa = PBXBuildFile; fileRef = 497160B4241C0B740076CC83 /* FilmService.swift */; };
		497160B7241C0B9E0076CC83 /* FilmServiceContract.swift in Sources */ = {isa = PBXBuildFile; fileRef = 497160B6241C0B9E0076CC83 /* FilmServiceContract.swift */; };
		886F3FA5E5E30991A98892BD /* Pods_FilmApp_FilmAppUITests.framework in Frameworks */ = {isa = PBXBuildFile; fileRef = 28B2FA995CA008D73D630B26 /* Pods_FilmApp_FilmAppUITests.framework */; };
		EAEB0A9C31744267CAA11792 /* Pods_FilmApp.framework in Frameworks */ = {isa = PBXBuildFile; fileRef = 23242FD83454634E20E539E6 /* Pods_FilmApp.framework */; };
/* End PBXBuildFile section */

/* Begin PBXContainerItemProxy section */
		49716060241BF6110076CC83 /* PBXContainerItemProxy */ = {
			isa = PBXContainerItemProxy;
			containerPortal = 4971603E241BF6100076CC83 /* Project object */;
			proxyType = 1;
			remoteGlobalIDString = 49716045241BF6100076CC83;
			remoteInfo = FilmApp;
		};
		4971606B241BF6110076CC83 /* PBXContainerItemProxy */ = {
			isa = PBXContainerItemProxy;
			containerPortal = 4971603E241BF6100076CC83 /* Project object */;
			proxyType = 1;
			remoteGlobalIDString = 49716045241BF6100076CC83;
			remoteInfo = FilmApp;
		};
		49716086241BFA5D0076CC83 /* PBXContainerItemProxy */ = {
			isa = PBXContainerItemProxy;
			containerPortal = 4971607C241BFA5D0076CC83 /* Alamofire.xcodeproj */;
			proxyType = 2;
			remoteGlobalIDString = F8111E3319A95C8B0040E7D1;
			remoteInfo = "Alamofire iOS";
		};
		49716088241BFA5D0076CC83 /* PBXContainerItemProxy */ = {
			isa = PBXContainerItemProxy;
			containerPortal = 4971607C241BFA5D0076CC83 /* Alamofire.xcodeproj */;
			proxyType = 2;
			remoteGlobalIDString = F8111E3E19A95C8B0040E7D1;
			remoteInfo = "Alamofire iOS Tests";
		};
		4971608A241BFA5D0076CC83 /* PBXContainerItemProxy */ = {
			isa = PBXContainerItemProxy;
			containerPortal = 4971607C241BFA5D0076CC83 /* Alamofire.xcodeproj */;
			proxyType = 2;
			remoteGlobalIDString = 4DD67C0B1A5C55C900ED2280;
			remoteInfo = "Alamofire macOS";
		};
		4971608C241BFA5D0076CC83 /* PBXContainerItemProxy */ = {
			isa = PBXContainerItemProxy;
			containerPortal = 4971607C241BFA5D0076CC83 /* Alamofire.xcodeproj */;
			proxyType = 2;
			remoteGlobalIDString = F829C6B21A7A94F100A2CD59;
			remoteInfo = "Alamofire macOS Tests";
		};
		4971608E241BFA5D0076CC83 /* PBXContainerItemProxy */ = {
			isa = PBXContainerItemProxy;
			containerPortal = 4971607C241BFA5D0076CC83 /* Alamofire.xcodeproj */;
			proxyType = 2;
			remoteGlobalIDString = 4CF626EF1BA7CB3E0011A099;
			remoteInfo = "Alamofire tvOS";
		};
		49716090241BFA5D0076CC83 /* PBXContainerItemProxy */ = {
			isa = PBXContainerItemProxy;
			containerPortal = 4971607C241BFA5D0076CC83 /* Alamofire.xcodeproj */;
			proxyType = 2;
			remoteGlobalIDString = 4CF626F81BA7CB3E0011A099;
			remoteInfo = "Alamofire tvOS Tests";
		};
		49716092241BFA5D0076CC83 /* PBXContainerItemProxy */ = {
			isa = PBXContainerItemProxy;
			containerPortal = 4971607C241BFA5D0076CC83 /* Alamofire.xcodeproj */;
			proxyType = 2;
			remoteGlobalIDString = E4202FE01B667AA100C997FB;
			remoteInfo = "Alamofire watchOS";
		};
/* End PBXContainerItemProxy section */

/* Begin PBXCopyFilesBuildPhase section */
		4971609D241BFA8C0076CC83 /* Embed Frameworks */ = {
			isa = PBXCopyFilesBuildPhase;
			buildActionMask = 2147483647;
			dstPath = "";
			dstSubfolderSpec = 10;
			files = (
				49716096241BFA8C0076CC83 /* Alamofire.framework in Embed Frameworks */,
				4971609A241BFA8C0076CC83 /* Alamofire.framework in Embed Frameworks */,
				49716098241BFA8C0076CC83 /* Alamofire.framework in Embed Frameworks */,
				4971609C241BFA8C0076CC83 /* Alamofire.framework in Embed Frameworks */,
			);
			name = "Embed Frameworks";
			runOnlyForDeploymentPostprocessing = 0;
		};
/* End PBXCopyFilesBuildPhase section */

/* Begin PBXFileReference section */
		23242FD83454634E20E539E6 /* Pods_FilmApp.framework */ = {isa = PBXFileReference; explicitFileType = wrapper.framework; includeInIndex = 0; path = Pods_FilmApp.framework; sourceTree = BUILT_PRODUCTS_DIR; };
		263824AD8AE0EEC7E7F8EC86 /* Pods-FilmApp.debug.xcconfig */ = {isa = PBXFileReference; includeInIndex = 1; lastKnownFileType = text.xcconfig; name = "Pods-FilmApp.debug.xcconfig"; path = "Target Support Files/Pods-FilmApp/Pods-FilmApp.debug.xcconfig"; sourceTree = "<group>"; };
		28B2FA995CA008D73D630B26 /* Pods_FilmApp_FilmAppUITests.framework */ = {isa = PBXFileReference; explicitFileType = wrapper.framework; includeInIndex = 0; path = Pods_FilmApp_FilmAppUITests.framework; sourceTree = BUILT_PRODUCTS_DIR; };
		49716046241BF6100076CC83 /* FilmApp.app */ = {isa = PBXFileReference; explicitFileType = wrapper.application; includeInIndex = 0; path = FilmApp.app; sourceTree = BUILT_PRODUCTS_DIR; };
		49716049241BF6100076CC83 /* AppDelegate.swift */ = {isa = PBXFileReference; lastKnownFileType = sourcecode.swift; path = AppDelegate.swift; sourceTree = "<group>"; };
		4971604B241BF6100076CC83 /* SceneDelegate.swift */ = {isa = PBXFileReference; lastKnownFileType = sourcecode.swift; path = SceneDelegate.swift; sourceTree = "<group>"; };
		4971604D241BF6100076CC83 /* ViewController.swift */ = {isa = PBXFileReference; lastKnownFileType = sourcecode.swift; path = ViewController.swift; sourceTree = "<group>"; };
		49716050241BF6100076CC83 /* Base */ = {isa = PBXFileReference; lastKnownFileType = file.storyboard; name = Base; path = Base.lproj/Main.storyboard; sourceTree = "<group>"; };
		49716053241BF6100076CC83 /* FilmApp.xcdatamodel */ = {isa = PBXFileReference; lastKnownFileType = wrapper.xcdatamodel; path = FilmApp.xcdatamodel; sourceTree = "<group>"; };
		49716055241BF6110076CC83 /* Assets.xcassets */ = {isa = PBXFileReference; lastKnownFileType = folder.assetcatalog; path = Assets.xcassets; sourceTree = "<group>"; };
		49716058241BF6110076CC83 /* Base */ = {isa = PBXFileReference; lastKnownFileType = file.storyboard; name = Base; path = Base.lproj/LaunchScreen.storyboard; sourceTree = "<group>"; };
		4971605A241BF6110076CC83 /* Info.plist */ = {isa = PBXFileReference; lastKnownFileType = text.plist.xml; path = Info.plist; sourceTree = "<group>"; };
		4971605F241BF6110076CC83 /* FilmAppTests.xctest */ = {isa = PBXFileReference; explicitFileType = wrapper.cfbundle; includeInIndex = 0; path = FilmAppTests.xctest; sourceTree = BUILT_PRODUCTS_DIR; };
		49716063241BF6110076CC83 /* FilmAppTests.swift */ = {isa = PBXFileReference; lastKnownFileType = sourcecode.swift; path = FilmAppTests.swift; sourceTree = "<group>"; };
		49716065241BF6110076CC83 /* Info.plist */ = {isa = PBXFileReference; lastKnownFileType = text.plist.xml; path = Info.plist; sourceTree = "<group>"; };
		4971606A241BF6110076CC83 /* FilmAppUITests.xctest */ = {isa = PBXFileReference; explicitFileType = wrapper.cfbundle; includeInIndex = 0; path = FilmAppUITests.xctest; sourceTree = BUILT_PRODUCTS_DIR; };
		4971606E241BF6110076CC83 /* FilmAppUITests.swift */ = {isa = PBXFileReference; lastKnownFileType = sourcecode.swift; path = FilmAppUITests.swift; sourceTree = "<group>"; };
		49716070241BF6110076CC83 /* Info.plist */ = {isa = PBXFileReference; lastKnownFileType = text.plist.xml; path = Info.plist; sourceTree = "<group>"; };
		4971607C241BFA5D0076CC83 /* Alamofire.xcodeproj */ = {isa = PBXFileReference; lastKnownFileType = "wrapper.pb-project"; name = Alamofire.xcodeproj; path = Alamofire/Alamofire.xcodeproj; sourceTree = "<group>"; };
		497160AE241C078B0076CC83 /* CellFilm.xib */ = {isa = PBXFileReference; lastKnownFileType = file.xib; path = CellFilm.xib; sourceTree = "<group>"; };
		497160B0241C07F70076CC83 /* CellFilm.swift */ = {isa = PBXFileReference; lastKnownFileType = sourcecode.swift; path = CellFilm.swift; sourceTree = "<group>"; };
		497160B2241C0B640076CC83 /* FilmModel.swift */ = {isa = PBXFileReference; lastKnownFileType = sourcecode.swift; path = FilmModel.swift; sourceTree = "<group>"; };
		497160B4241C0B740076CC83 /* FilmService.swift */ = {isa = PBXFileReference; lastKnownFileType = sourcecode.swift; path = FilmService.swift; sourceTree = "<group>"; };
		497160B6241C0B9E0076CC83 /* FilmServiceContract.swift */ = {isa = PBXFileReference; lastKnownFileType = sourcecode.swift; path = FilmServiceContract.swift; sourceTree = "<group>"; };
		851463C84F194292D81CCA14 /* Pods-FilmAppTests.debug.xcconfig */ = {isa = PBXFileReference; includeInIndex = 1; lastKnownFileType = text.xcconfig; name = "Pods-FilmAppTests.debug.xcconfig"; path = "Target Support Files/Pods-FilmAppTests/Pods-FilmAppTests.debug.xcconfig"; sourceTree = "<group>"; };
		89884DFE71366BC25B87518F /* Pods_FilmAppTests.framework */ = {isa = PBXFileReference; explicitFileType = wrapper.framework; includeInIndex = 0; path = Pods_FilmAppTests.framework; sourceTree = BUILT_PRODUCTS_DIR; };
		B75A5E37500E42B8A693B756 /* Pods-FilmApp-FilmAppUITests.debug.xcconfig */ = {isa = PBXFileReference; includeInIndex = 1; lastKnownFileType = text.xcconfig; name = "Pods-FilmApp-FilmAppUITests.debug.xcconfig"; path = "Target Support Files/Pods-FilmApp-FilmAppUITests/Pods-FilmApp-FilmAppUITests.debug.xcconfig"; sourceTree = "<group>"; };
		C898D01636C177A397C10000 /* Pods-FilmAppTests.release.xcconfig */ = {isa = PBXFileReference; includeInIndex = 1; lastKnownFileType = text.xcconfig; name = "Pods-FilmAppTests.release.xcconfig"; path = "Target Support Files/Pods-FilmAppTests/Pods-FilmAppTests.release.xcconfig"; sourceTree = "<group>"; };
		F2DB468B2DE8A38B0B8800CA /* Pods-FilmApp.release.xcconfig */ = {isa = PBXFileReference; includeInIndex = 1; lastKnownFileType = text.xcconfig; name = "Pods-FilmApp.release.xcconfig"; path = "Target Support Files/Pods-FilmApp/Pods-FilmApp.release.xcconfig"; sourceTree = "<group>"; };
		F51FA5523BEA50F11238EDD8 /* Pods-FilmApp-FilmAppUITests.release.xcconfig */ = {isa = PBXFileReference; includeInIndex = 1; lastKnownFileType = text.xcconfig; name = "Pods-FilmApp-FilmAppUITests.release.xcconfig"; path = "Target Support Files/Pods-FilmApp-FilmAppUITests/Pods-FilmApp-FilmAppUITests.release.xcconfig"; sourceTree = "<group>"; };
/* End PBXFileReference section */

/* Begin PBXFrameworksBuildPhase section */
		49716043241BF6100076CC83 /* Frameworks */ = {
			isa = PBXFrameworksBuildPhase;
			buildActionMask = 2147483647;
			files = (
				49716095241BFA8C0076CC83 /* Alamofire.framework in Frameworks */,
				49716099241BFA8C0076CC83 /* Alamofire.framework in Frameworks */,
				49716097241BFA8C0076CC83 /* Alamofire.framework in Frameworks */,
				4971609B241BFA8C0076CC83 /* Alamofire.framework in Frameworks */,
				EAEB0A9C31744267CAA11792 /* Pods_FilmApp.framework in Frameworks */,
			);
			runOnlyForDeploymentPostprocessing = 0;
		};
		4971605C241BF6110076CC83 /* Frameworks */ = {
			isa = PBXFrameworksBuildPhase;
			buildActionMask = 2147483647;
			files = (
				2BC34ABAAE5BCDB85514E284 /* Pods_FilmAppTests.framework in Frameworks */,
			);
			runOnlyForDeploymentPostprocessing = 0;
		};
		49716067241BF6110076CC83 /* Frameworks */ = {
			isa = PBXFrameworksBuildPhase;
			buildActionMask = 2147483647;
			files = (
				886F3FA5E5E30991A98892BD /* Pods_FilmApp_FilmAppUITests.framework in Frameworks */,
			);
			runOnlyForDeploymentPostprocessing = 0;
		};
/* End PBXFrameworksBuildPhase section */

/* Begin PBXGroup section */
		4971603D241BF6100076CC83 = {
			isa = PBXGroup;
			children = (
				49716048241BF6100076CC83 /* FilmApp */,
				49716062241BF6110076CC83 /* FilmAppTests */,
				4971606D241BF6110076CC83 /* FilmAppUITests */,
				49716047241BF6100076CC83 /* Products */,
				49716094241BFA8C0076CC83 /* Frameworks */,
				A5AA57F47317BC3CD2902BEF /* Pods */,
			);
			sourceTree = "<group>";
		};
		49716047241BF6100076CC83 /* Products */ = {
			isa = PBXGroup;
			children = (
				49716046241BF6100076CC83 /* FilmApp.app */,
				4971605F241BF6110076CC83 /* FilmAppTests.xctest */,
				4971606A241BF6110076CC83 /* FilmAppUITests.xctest */,
			);
			name = Products;
			sourceTree = "<group>";
		};
		49716048241BF6100076CC83 /* FilmApp */ = {
			isa = PBXGroup;
			children = (
				497160AA241C07480076CC83 /* Model */,
				497160AC241C07540076CC83 /* ViewModel */,
				497160AB241C074E0076CC83 /* View */,
				49716049241BF6100076CC83 /* AppDelegate.swift */,
				49716057241BF6110076CC83 /* LaunchScreen.storyboard */,
				4971604B241BF6100076CC83 /* SceneDelegate.swift */,
				49716055241BF6110076CC83 /* Assets.xcassets */,
				4971605A241BF6110076CC83 /* Info.plist */,
				49716052241BF6100076CC83 /* FilmApp.xcdatamodeld */,
				4971607C241BFA5D0076CC83 /* Alamofire.xcodeproj */,
			);
			path = FilmApp;
			sourceTree = "<group>";
		};
		49716062241BF6110076CC83 /* FilmAppTests */ = {
			isa = PBXGroup;
			children = (
				49716063241BF6110076CC83 /* FilmAppTests.swift */,
				49716065241BF6110076CC83 /* Info.plist */,
			);
			path = FilmAppTests;
			sourceTree = "<group>";
		};
		4971606D241BF6110076CC83 /* FilmAppUITests */ = {
			isa = PBXGroup;
			children = (
				4971606E241BF6110076CC83 /* FilmAppUITests.swift */,
				49716070241BF6110076CC83 /* Info.plist */,
			);
			path = FilmAppUITests;
			sourceTree = "<group>";
		};
		4971607D241BFA5D0076CC83 /* Products */ = {
			isa = PBXGroup;
			children = (
				49716087241BFA5D0076CC83 /* Alamofire.framework */,
				49716089241BFA5D0076CC83 /* Alamofire iOS Tests.xctest */,
				4971608B241BFA5D0076CC83 /* Alamofire.framework */,
				4971608D241BFA5D0076CC83 /* Alamofire macOS Tests.xctest */,
				4971608F241BFA5D0076CC83 /* Alamofire.framework */,
				49716091241BFA5D0076CC83 /* Alamofire tvOS Tests.xctest */,
				49716093241BFA5D0076CC83 /* Alamofire.framework */,
			);
			name = Products;
			sourceTree = "<group>";
		};
		49716094241BFA8C0076CC83 /* Frameworks */ = {
			isa = PBXGroup;
			children = (
				23242FD83454634E20E539E6 /* Pods_FilmApp.framework */,
				28B2FA995CA008D73D630B26 /* Pods_FilmApp_FilmAppUITests.framework */,
				89884DFE71366BC25B87518F /* Pods_FilmAppTests.framework */,
			);
			name = Frameworks;
			sourceTree = "<group>";
		};
		497160AA241C07480076CC83 /* Model */ = {
			isa = PBXGroup;
			children = (
				497160AD241C075F0076CC83 /* Service */,
				497160B2241C0B640076CC83 /* FilmModel.swift */,
			);
			path = Model;
			sourceTree = "<group>";
		};
		497160AB241C074E0076CC83 /* View */ = {
			isa = PBXGroup;
			children = (
				4971604F241BF6100076CC83 /* Main.storyboard */,
				4971604D241BF6100076CC83 /* ViewController.swift */,
				497160AE241C078B0076CC83 /* CellFilm.xib */,
				497160B0241C07F70076CC83 /* CellFilm.swift */,
			);
			path = View;
			sourceTree = "<group>";
		};
		497160AC241C07540076CC83 /* ViewModel */ = {
			isa = PBXGroup;
			children = (
			);
			path = ViewModel;
			sourceTree = "<group>";
		};
		497160AD241C075F0076CC83 /* Service */ = {
			isa = PBXGroup;
			children = (
				497160B4241C0B740076CC83 /* FilmService.swift */,
				497160B6241C0B9E0076CC83 /* FilmServiceContract.swift */,
			);
			path = Service;
			sourceTree = "<group>";
		};
		A5AA57F47317BC3CD2902BEF /* Pods */ = {
			isa = PBXGroup;
			children = (
				263824AD8AE0EEC7E7F8EC86 /* Pods-FilmApp.debug.xcconfig */,
				F2DB468B2DE8A38B0B8800CA /* Pods-FilmApp.release.xcconfig */,
				B75A5E37500E42B8A693B756 /* Pods-FilmApp-FilmAppUITests.debug.xcconfig */,
				F51FA5523BEA50F11238EDD8 /* Pods-FilmApp-FilmAppUITests.release.xcconfig */,
				851463C84F194292D81CCA14 /* Pods-FilmAppTests.debug.xcconfig */,
				C898D01636C177A397C10000 /* Pods-FilmAppTests.release.xcconfig */,
			);
			path = Pods;
			sourceTree = "<group>";
		};
/* End PBXGroup section */

/* Begin PBXNativeTarget section */
		49716045241BF6100076CC83 /* FilmApp */ = {
			isa = PBXNativeTarget;
			buildConfigurationList = 49716073241BF6110076CC83 /* Build configuration list for PBXNativeTarget "FilmApp" */;
			buildPhases = (
				DC9B4256E88B058A2834FC1A /* [CP] Check Pods Manifest.lock */,
				49716042241BF6100076CC83 /* Sources */,
				49716043241BF6100076CC83 /* Frameworks */,
				49716044241BF6100076CC83 /* Resources */,
				4971609D241BFA8C0076CC83 /* Embed Frameworks */,
				7E462FB421C72D5DB0F6D812 /* [CP] Embed Pods Frameworks */,
			);
			buildRules = (
			);
			dependencies = (
			);
			name = FilmApp;
			productName = FilmApp;
			productReference = 49716046241BF6100076CC83 /* FilmApp.app */;
			productType = "com.apple.product-type.application";
		};
		4971605E241BF6110076CC83 /* FilmAppTests */ = {
			isa = PBXNativeTarget;
			buildConfigurationList = 49716076241BF6110076CC83 /* Build configuration list for PBXNativeTarget "FilmAppTests" */;
			buildPhases = (
				2DD35CB0CCE66022F58AFA84 /* [CP] Check Pods Manifest.lock */,
				4971605B241BF6110076CC83 /* Sources */,
				4971605C241BF6110076CC83 /* Frameworks */,
				4971605D241BF6110076CC83 /* Resources */,
				B6BDE4104A463AE7440380EE /* [CP] Embed Pods Frameworks */,
			);
			buildRules = (
			);
			dependencies = (
				49716061241BF6110076CC83 /* PBXTargetDependency */,
			);
			name = FilmAppTests;
			productName = FilmAppTests;
			productReference = 4971605F241BF6110076CC83 /* FilmAppTests.xctest */;
			productType = "com.apple.product-type.bundle.unit-test";
		};
		49716069241BF6110076CC83 /* FilmAppUITests */ = {
			isa = PBXNativeTarget;
			buildConfigurationList = 49716079241BF6110076CC83 /* Build configuration list for PBXNativeTarget "FilmAppUITests" */;
			buildPhases = (
				07E152AD36DA1AB6CDBFF9DF /* [CP] Check Pods Manifest.lock */,
				49716066241BF6110076CC83 /* Sources */,
				49716067241BF6110076CC83 /* Frameworks */,
				49716068241BF6110076CC83 /* Resources */,
				8D42CD5741A211365A8F9D8C /* [CP] Embed Pods Frameworks */,
			);
			buildRules = (
			);
			dependencies = (
				4971606C241BF6110076CC83 /* PBXTargetDependency */,
			);
			name = FilmAppUITests;
			productName = FilmAppUITests;
			productReference = 4971606A241BF6110076CC83 /* FilmAppUITests.xctest */;
			productType = "com.apple.product-type.bundle.ui-testing";
		};
/* End PBXNativeTarget section */

/* Begin PBXProject section */
		4971603E241BF6100076CC83 /* Project object */ = {
			isa = PBXProject;
			attributes = {
				LastSwiftUpdateCheck = 1130;
				LastUpgradeCheck = 1130;
				ORGANIZATIONNAME = rpozzuto;
				TargetAttributes = {
					49716045241BF6100076CC83 = {
						CreatedOnToolsVersion = 11.3.1;
					};
					4971605E241BF6110076CC83 = {
						CreatedOnToolsVersion = 11.3.1;
						TestTargetID = 49716045241BF6100076CC83;
					};
					49716069241BF6110076CC83 = {
						CreatedOnToolsVersion = 11.3.1;
						TestTargetID = 49716045241BF6100076CC83;
					};
				};
			};
			buildConfigurationList = 49716041241BF6100076CC83 /* Build configuration list for PBXProject "FilmApp" */;
			compatibilityVersion = "Xcode 9.3";
			developmentRegion = en;
			hasScannedForEncodings = 0;
			knownRegions = (
				en,
				Base,
			);
			mainGroup = 4971603D241BF6100076CC83;
			productRefGroup = 49716047241BF6100076CC83 /* Products */;
			projectDirPath = "";
			projectReferences = (
				{
					ProductGroup = 4971607D241BFA5D0076CC83 /* Products */;
					ProjectRef = 4971607C241BFA5D0076CC83 /* Alamofire.xcodeproj */;
				},
			);
			projectRoot = "";
			targets = (
				49716045241BF6100076CC83 /* FilmApp */,
				4971605E241BF6110076CC83 /* FilmAppTests */,
				49716069241BF6110076CC83 /* FilmAppUITests */,
			);
		};
/* End PBXProject section */

/* Begin PBXReferenceProxy section */
		49716087241BFA5D0076CC83 /* Alamofire.framework */ = {
			isa = PBXReferenceProxy;
			fileType = wrapper.framework;
			path = Alamofire.framework;
			remoteRef = 49716086241BFA5D0076CC83 /* PBXContainerItemProxy */;
			sourceTree = BUILT_PRODUCTS_DIR;
		};
		49716089241BFA5D0076CC83 /* Alamofire iOS Tests.xctest */ = {
			isa = PBXReferenceProxy;
			fileType = wrapper.cfbundle;
			path = "Alamofire iOS Tests.xctest";
			remoteRef = 49716088241BFA5D0076CC83 /* PBXContainerItemProxy */;
			sourceTree = BUILT_PRODUCTS_DIR;
		};
		4971608B241BFA5D0076CC83 /* Alamofire.framework */ = {
			isa = PBXReferenceProxy;
			fileType = wrapper.framework;
			path = Alamofire.framework;
			remoteRef = 4971608A241BFA5D0076CC83 /* PBXContainerItemProxy */;
			sourceTree = BUILT_PRODUCTS_DIR;
		};
		4971608D241BFA5D0076CC83 /* Alamofire macOS Tests.xctest */ = {
			isa = PBXReferenceProxy;
			fileType = wrapper.cfbundle;
			path = "Alamofire macOS Tests.xctest";
			remoteRef = 4971608C241BFA5D0076CC83 /* PBXContainerItemProxy */;
			sourceTree = BUILT_PRODUCTS_DIR;
		};
		4971608F241BFA5D0076CC83 /* Alamofire.framework */ = {
			isa = PBXReferenceProxy;
			fileType = wrapper.framework;
			path = Alamofire.framework;
			remoteRef = 4971608E241BFA5D0076CC83 /* PBXContainerItemProxy */;
			sourceTree = BUILT_PRODUCTS_DIR;
		};
		49716091241BFA5D0076CC83 /* Alamofire tvOS Tests.xctest */ = {
			isa = PBXReferenceProxy;
			fileType = wrapper.cfbundle;
			path = "Alamofire tvOS Tests.xctest";
			remoteRef = 49716090241BFA5D0076CC83 /* PBXContainerItemProxy */;
			sourceTree = BUILT_PRODUCTS_DIR;
		};
		49716093241BFA5D0076CC83 /* Alamofire.framework */ = {
			isa = PBXReferenceProxy;
			fileType = wrapper.framework;
			path = Alamofire.framework;
			remoteRef = 49716092241BFA5D0076CC83 /* PBXContainerItemProxy */;
			sourceTree = BUILT_PRODUCTS_DIR;
		};
/* End PBXReferenceProxy section */

/* Begin PBXResourcesBuildPhase section */
		49716044241BF6100076CC83 /* Resources */ = {
			isa = PBXResourcesBuildPhase;
			buildActionMask = 2147483647;
			files = (
				49716059241BF6110076CC83 /* LaunchScreen.storyboard in Resources */,
				497160AF241C078B0076CC83 /* CellFilm.xib in Resources */,
				49716056241BF6110076CC83 /* Assets.xcassets in Resources */,
				49716051241BF6100076CC83 /* Main.storyboard in Resources */,
			);
			runOnlyForDeploymentPostprocessing = 0;
		};
		4971605D241BF6110076CC83 /* Resources */ = {
			isa = PBXResourcesBuildPhase;
			buildActionMask = 2147483647;
			files = (
			);
			runOnlyForDeploymentPostprocessing = 0;
		};
		49716068241BF6110076CC83 /* Resources */ = {
			isa = PBXResourcesBuildPhase;
			buildActionMask = 2147483647;
			files = (
			);
			runOnlyForDeploymentPostprocessing = 0;
		};
/* End PBXResourcesBuildPhase section */

/* Begin PBXShellScriptBuildPhase section */
		07E152AD36DA1AB6CDBFF9DF /* [CP] Check Pods Manifest.lock */ = {
			isa = PBXShellScriptBuildPhase;
			buildActionMask = 2147483647;
			files = (
			);
			inputFileListPaths = (
			);
			inputPaths = (
				"${PODS_PODFILE_DIR_PATH}/Podfile.lock",
				"${PODS_ROOT}/Manifest.lock",
			);
			name = "[CP] Check Pods Manifest.lock";
			outputFileListPaths = (
			);
			outputPaths = (
				"$(DERIVED_FILE_DIR)/Pods-FilmApp-FilmAppUITests-checkManifestLockResult.txt",
			);
			runOnlyForDeploymentPostprocessing = 0;
			shellPath = /bin/sh;
			shellScript = "diff \"${PODS_PODFILE_DIR_PATH}/Podfile.lock\" \"${PODS_ROOT}/Manifest.lock\" > /dev/null\nif [ $? != 0 ] ; then\n    # print error to STDERR\n    echo \"error: The sandbox is not in sync with the Podfile.lock. Run 'pod install' or update your CocoaPods installation.\" >&2\n    exit 1\nfi\n# This output is used by Xcode 'outputs' to avoid re-running this script phase.\necho \"SUCCESS\" > \"${SCRIPT_OUTPUT_FILE_0}\"\n";
			showEnvVarsInLog = 0;
		};
		2DD35CB0CCE66022F58AFA84 /* [CP] Check Pods Manifest.lock */ = {
			isa = PBXShellScriptBuildPhase;
			buildActionMask = 2147483647;
			files = (
			);
			inputFileListPaths = (
			);
			inputPaths = (
				"${PODS_PODFILE_DIR_PATH}/Podfile.lock",
				"${PODS_ROOT}/Manifest.lock",
			);
			name = "[CP] Check Pods Manifest.lock";
			outputFileListPaths = (
			);
			outputPaths = (
				"$(DERIVED_FILE_DIR)/Pods-FilmAppTests-checkManifestLockResult.txt",
			);
			runOnlyForDeploymentPostprocessing = 0;
			shellPath = /bin/sh;
			shellScript = "diff \"${PODS_PODFILE_DIR_PATH}/Podfile.lock\" \"${PODS_ROOT}/Manifest.lock\" > /dev/null\nif [ $? != 0 ] ; then\n    # print error to STDERR\n    echo \"error: The sandbox is not in sync with the Podfile.lock. Run 'pod install' or update your CocoaPods installation.\" >&2\n    exit 1\nfi\n# This output is used by Xcode 'outputs' to avoid re-running this script phase.\necho \"SUCCESS\" > \"${SCRIPT_OUTPUT_FILE_0}\"\n";
			showEnvVarsInLog = 0;
		};
		7E462FB421C72D5DB0F6D812 /* [CP] Embed Pods Frameworks */ = {
			isa = PBXShellScriptBuildPhase;
			buildActionMask = 2147483647;
			files = (
			);
			inputFileListPaths = (
				"${PODS_ROOT}/Target Support Files/Pods-FilmApp/Pods-FilmApp-frameworks-${CONFIGURATION}-input-files.xcfilelist",
			);
			name = "[CP] Embed Pods Frameworks";
			outputFileListPaths = (
				"${PODS_ROOT}/Target Support Files/Pods-FilmApp/Pods-FilmApp-frameworks-${CONFIGURATION}-output-files.xcfilelist",
			);
			runOnlyForDeploymentPostprocessing = 0;
			shellPath = /bin/sh;
			shellScript = "\"${PODS_ROOT}/Target Support Files/Pods-FilmApp/Pods-FilmApp-frameworks.sh\"\n";
			showEnvVarsInLog = 0;
		};
		8D42CD5741A211365A8F9D8C /* [CP] Embed Pods Frameworks */ = {
			isa = PBXShellScriptBuildPhase;
			buildActionMask = 2147483647;
			files = (
			);
			inputFileListPaths = (
				"${PODS_ROOT}/Target Support Files/Pods-FilmApp-FilmAppUITests/Pods-FilmApp-FilmAppUITests-frameworks-${CONFIGURATION}-input-files.xcfilelist",
			);
			name = "[CP] Embed Pods Frameworks";
			outputFileListPaths = (
				"${PODS_ROOT}/Target Support Files/Pods-FilmApp-FilmAppUITests/Pods-FilmApp-FilmAppUITests-frameworks-${CONFIGURATION}-output-files.xcfilelist",
			);
			runOnlyForDeploymentPostprocessing = 0;
			shellPath = /bin/sh;
			shellScript = "\"${PODS_ROOT}/Target Support Files/Pods-FilmApp-FilmAppUITests/Pods-FilmApp-FilmAppUITests-frameworks.sh\"\n";
			showEnvVarsInLog = 0;
		};
		B6BDE4104A463AE7440380EE /* [CP] Embed Pods Frameworks */ = {
			isa = PBXShellScriptBuildPhase;
			buildActionMask = 2147483647;
			files = (
			);
			inputFileListPaths = (
				"${PODS_ROOT}/Target Support Files/Pods-FilmAppTests/Pods-FilmAppTests-frameworks-${CONFIGURATION}-input-files.xcfilelist",
			);
			name = "[CP] Embed Pods Frameworks";
			outputFileListPaths = (
				"${PODS_ROOT}/Target Support Files/Pods-FilmAppTests/Pods-FilmAppTests-frameworks-${CONFIGURATION}-output-files.xcfilelist",
			);
			runOnlyForDeploymentPostprocessing = 0;
			shellPath = /bin/sh;
			shellScript = "\"${PODS_ROOT}/Target Support Files/Pods-FilmAppTests/Pods-FilmAppTests-frameworks.sh\"\n";
			showEnvVarsInLog = 0;
		};
		DC9B4256E88B058A2834FC1A /* [CP] Check Pods Manifest.lock */ = {
			isa = PBXShellScriptBuildPhase;
			buildActionMask = 2147483647;
			files = (
			);
			inputFileListPaths = (
			);
			inputPaths = (
				"${PODS_PODFILE_DIR_PATH}/Podfile.lock",
				"${PODS_ROOT}/Manifest.lock",
			);
			name = "[CP] Check Pods Manifest.lock";
			outputFileListPaths = (
			);
			outputPaths = (
				"$(DERIVED_FILE_DIR)/Pods-FilmApp-checkManifestLockResult.txt",
			);
			runOnlyForDeploymentPostprocessing = 0;
			shellPath = /bin/sh;
			shellScript = "diff \"${PODS_PODFILE_DIR_PATH}/Podfile.lock\" \"${PODS_ROOT}/Manifest.lock\" > /dev/null\nif [ $? != 0 ] ; then\n    # print error to STDERR\n    echo \"error: The sandbox is not in sync with the Podfile.lock. Run 'pod install' or update your CocoaPods installation.\" >&2\n    exit 1\nfi\n# This output is used by Xcode 'outputs' to avoid re-running this script phase.\necho \"SUCCESS\" > \"${SCRIPT_OUTPUT_FILE_0}\"\n";
			showEnvVarsInLog = 0;
		};
/* End PBXShellScriptBuildPhase section */

/* Begin PBXSourcesBuildPhase section */
		49716042241BF6100076CC83 /* Sources */ = {
			isa = PBXSourcesBuildPhase;
			buildActionMask = 2147483647;
			files = (
				4971604E241BF6100076CC83 /* ViewController.swift in Sources */,
				497160B3241C0B640076CC83 /* FilmModel.swift in Sources */,
				49716054241BF6100076CC83 /* FilmApp.xcdatamodeld in Sources */,
				497160B7241C0B9E0076CC83 /* FilmServiceContract.swift in Sources */,
				4971604A241BF6100076CC83 /* AppDelegate.swift in Sources */,
				497160B5241C0B740076CC83 /* FilmService.swift in Sources */,
				497160B1241C07F70076CC83 /* CellFilm.swift in Sources */,
				4971604C241BF6100076CC83 /* SceneDelegate.swift in Sources */,
			);
			runOnlyForDeploymentPostprocessing = 0;
		};
		4971605B241BF6110076CC83 /* Sources */ = {
			isa = PBXSourcesBuildPhase;
			buildActionMask = 2147483647;
			files = (
				49716064241BF6110076CC83 /* FilmAppTests.swift in Sources */,
			);
			runOnlyForDeploymentPostprocessing = 0;
		};
		49716066241BF6110076CC83 /* Sources */ = {
			isa = PBXSourcesBuildPhase;
			buildActionMask = 2147483647;
			files = (
				4971606F241BF6110076CC83 /* FilmAppUITests.swift in Sources */,
			);
			runOnlyForDeploymentPostprocessing = 0;
		};
/* End PBXSourcesBuildPhase section */

/* Begin PBXTargetDependency section */
		49716061241BF6110076CC83 /* PBXTargetDependency */ = {
			isa = PBXTargetDependency;
			target = 49716045241BF6100076CC83 /* FilmApp */;
			targetProxy = 49716060241BF6110076CC83 /* PBXContainerItemProxy */;
		};
		4971606C241BF6110076CC83 /* PBXTargetDependency */ = {
			isa = PBXTargetDependency;
			target = 49716045241BF6100076CC83 /* FilmApp */;
			targetProxy = 4971606B241BF6110076CC83 /* PBXContainerItemProxy */;
		};
/* End PBXTargetDependency section */

/* Begin PBXVariantGroup section */
		4971604F241BF6100076CC83 /* Main.storyboard */ = {
			isa = PBXVariantGroup;
			children = (
				49716050241BF6100076CC83 /* Base */,
			);
			name = Main.storyboard;
			sourceTree = "<group>";
		};
		49716057241BF6110076CC83 /* LaunchScreen.storyboard */ = {
			isa = PBXVariantGroup;
			children = (
				49716058241BF6110076CC83 /* Base */,
			);
			name = LaunchScreen.storyboard;
			sourceTree = "<group>";
		};
/* End PBXVariantGroup section */

/* Begin XCBuildConfiguration section */
		49716071241BF6110076CC83 /* Debug */ = {
			isa = XCBuildConfiguration;
			buildSettings = {
				ALWAYS_SEARCH_USER_PATHS = NO;
				CLANG_ANALYZER_NONNULL = YES;
				CLANG_ANALYZER_NUMBER_OBJECT_CONVERSION = YES_AGGRESSIVE;
				CLANG_CXX_LANGUAGE_STANDARD = "gnu++14";
				CLANG_CXX_LIBRARY = "libc++";
				CLANG_ENABLE_MODULES = YES;
				CLANG_ENABLE_OBJC_ARC = YES;
				CLANG_ENABLE_OBJC_WEAK = YES;
				CLANG_WARN_BLOCK_CAPTURE_AUTORELEASING = YES;
				CLANG_WARN_BOOL_CONVERSION = YES;
				CLANG_WARN_COMMA = YES;
				CLANG_WARN_CONSTANT_CONVERSION = YES;
				CLANG_WARN_DEPRECATED_OBJC_IMPLEMENTATIONS = YES;
				CLANG_WARN_DIRECT_OBJC_ISA_USAGE = YES_ERROR;
				CLANG_WARN_DOCUMENTATION_COMMENTS = YES;
				CLANG_WARN_EMPTY_BODY = YES;
				CLANG_WARN_ENUM_CONVERSION = YES;
				CLANG_WARN_INFINITE_RECURSION = YES;
				CLANG_WARN_INT_CONVERSION = YES;
				CLANG_WARN_NON_LITERAL_NULL_CONVERSION = YES;
				CLANG_WARN_OBJC_IMPLICIT_RETAIN_SELF = YES;
				CLANG_WARN_OBJC_LITERAL_CONVERSION = YES;
				CLANG_WARN_OBJC_ROOT_CLASS = YES_ERROR;
				CLANG_WARN_RANGE_LOOP_ANALYSIS = YES;
				CLANG_WARN_STRICT_PROTOTYPES = YES;
				CLANG_WARN_SUSPICIOUS_MOVE = YES;
				CLANG_WARN_UNGUARDED_AVAILABILITY = YES_AGGRESSIVE;
				CLANG_WARN_UNREACHABLE_CODE = YES;
				CLANG_WARN__DUPLICATE_METHOD_MATCH = YES;
				COPY_PHASE_STRIP = NO;
				DEBUG_INFORMATION_FORMAT = dwarf;
				ENABLE_STRICT_OBJC_MSGSEND = YES;
				ENABLE_TESTABILITY = YES;
				GCC_C_LANGUAGE_STANDARD = gnu11;
				GCC_DYNAMIC_NO_PIC = NO;
				GCC_NO_COMMON_BLOCKS = YES;
				GCC_OPTIMIZATION_LEVEL = 0;
				GCC_PREPROCESSOR_DEFINITIONS = (
					"DEBUG=1",
					"$(inherited)",
				);
				GCC_WARN_64_TO_32_BIT_CONVERSION = YES;
				GCC_WARN_ABOUT_RETURN_TYPE = YES_ERROR;
				GCC_WARN_UNDECLARED_SELECTOR = YES;
				GCC_WARN_UNINITIALIZED_AUTOS = YES_AGGRESSIVE;
				GCC_WARN_UNUSED_FUNCTION = YES;
				GCC_WARN_UNUSED_VARIABLE = YES;
				IPHONEOS_DEPLOYMENT_TARGET = 13.2;
				MTL_ENABLE_DEBUG_INFO = INCLUDE_SOURCE;
				MTL_FAST_MATH = YES;
				ONLY_ACTIVE_ARCH = YES;
				SDKROOT = iphoneos;
				SWIFT_ACTIVE_COMPILATION_CONDITIONS = DEBUG;
				SWIFT_OPTIMIZATION_LEVEL = "-Onone";
			};
			name = Debug;
		};
		49716072241BF6110076CC83 /* Release */ = {
			isa = XCBuildConfiguration;
			buildSettings = {
				ALWAYS_SEARCH_USER_PATHS = NO;
				CLANG_ANALYZER_NONNULL = YES;
				CLANG_ANALYZER_NUMBER_OBJECT_CONVERSION = YES_AGGRESSIVE;
				CLANG_CXX_LANGUAGE_STANDARD = "gnu++14";
				CLANG_CXX_LIBRARY = "libc++";
				CLANG_ENABLE_MODULES = YES;
				CLANG_ENABLE_OBJC_ARC = YES;
				CLANG_ENABLE_OBJC_WEAK = YES;
				CLANG_WARN_BLOCK_CAPTURE_AUTORELEASING = YES;
				CLANG_WARN_BOOL_CONVERSION = YES;
				CLANG_WARN_COMMA = YES;
				CLANG_WARN_CONSTANT_CONVERSION = YES;
				CLANG_WARN_DEPRECATED_OBJC_IMPLEMENTATIONS = YES;
				CLANG_WARN_DIRECT_OBJC_ISA_USAGE = YES_ERROR;
				CLANG_WARN_DOCUMENTATION_COMMENTS = YES;
				CLANG_WARN_EMPTY_BODY = YES;
				CLANG_WARN_ENUM_CONVERSION = YES;
				CLANG_WARN_INFINITE_RECURSION = YES;
				CLANG_WARN_INT_CONVERSION = YES;
				CLANG_WARN_NON_LITERAL_NULL_CONVERSION = YES;
				CLANG_WARN_OBJC_IMPLICIT_RETAIN_SELF = YES;
				CLANG_WARN_OBJC_LITERAL_CONVERSION = YES;
				CLANG_WARN_OBJC_ROOT_CLASS = YES_ERROR;
				CLANG_WARN_RANGE_LOOP_ANALYSIS = YES;
				CLANG_WARN_STRICT_PROTOTYPES = YES;
				CLANG_WARN_SUSPICIOUS_MOVE = YES;
				CLANG_WARN_UNGUARDED_AVAILABILITY = YES_AGGRESSIVE;
				CLANG_WARN_UNREACHABLE_CODE = YES;
				CLANG_WARN__DUPLICATE_METHOD_MATCH = YES;
				COPY_PHASE_STRIP = NO;
				DEBUG_INFORMATION_FORMAT = "dwarf-with-dsym";
				ENABLE_NS_ASSERTIONS = NO;
				ENABLE_STRICT_OBJC_MSGSEND = YES;
				GCC_C_LANGUAGE_STANDARD = gnu11;
				GCC_NO_COMMON_BLOCKS = YES;
				GCC_WARN_64_TO_32_BIT_CONVERSION = YES;
				GCC_WARN_ABOUT_RETURN_TYPE = YES_ERROR;
				GCC_WARN_UNDECLARED_SELECTOR = YES;
				GCC_WARN_UNINITIALIZED_AUTOS = YES_AGGRESSIVE;
				GCC_WARN_UNUSED_FUNCTION = YES;
				GCC_WARN_UNUSED_VARIABLE = YES;
				IPHONEOS_DEPLOYMENT_TARGET = 13.2;
				MTL_ENABLE_DEBUG_INFO = NO;
				MTL_FAST_MATH = YES;
				SDKROOT = iphoneos;
				SWIFT_COMPILATION_MODE = wholemodule;
				SWIFT_OPTIMIZATION_LEVEL = "-O";
				VALIDATE_PRODUCT = YES;
			};
			name = Release;
		};
		49716074241BF6110076CC83 /* Debug */ = {
			isa = XCBuildConfiguration;
			baseConfigurationReference = 263824AD8AE0EEC7E7F8EC86 /* Pods-FilmApp.debug.xcconfig */;
			buildSettings = {
				CODE_SIGN_STYLE = Automatic;
				INFOPLIST_FILE = FilmApp/Info.plist;
				LD_RUNPATH_SEARCH_PATHS = (
					"$(inherited)",
					"@executable_path/Frameworks",
				);
				PRODUCT_BUNDLE_IDENTIFIER = com.romina.FilmApp;
				PRODUCT_NAME = "$(TARGET_NAME)";
				SWIFT_VERSION = 5.0;
				TARGETED_DEVICE_FAMILY = "1,2";
			};
			name = Debug;
		};
		49716075241BF6110076CC83 /* Release */ = {
			isa = XCBuildConfiguration;
			baseConfigurationReference = F2DB468B2DE8A38B0B8800CA /* Pods-FilmApp.release.xcconfig */;
			buildSettings = {
				CODE_SIGN_STYLE = Automatic;
				INFOPLIST_FILE = FilmApp/Info.plist;
				LD_RUNPATH_SEARCH_PATHS = (
					"$(inherited)",
					"@executable_path/Frameworks",
				);
				PRODUCT_BUNDLE_IDENTIFIER = com.romina.FilmApp;
				PRODUCT_NAME = "$(TARGET_NAME)";
				SWIFT_VERSION = 5.0;
				TARGETED_DEVICE_FAMILY = "1,2";
			};
			name = Release;
		};
		49716077241BF6110076CC83 /* Debug */ = {
			isa = XCBuildConfiguration;
			baseConfigurationReference = 851463C84F194292D81CCA14 /* Pods-FilmAppTests.debug.xcconfig */;
			buildSettings = {
				ALWAYS_EMBED_SWIFT_STANDARD_LIBRARIES = YES;
				BUNDLE_LOADER = "$(TEST_HOST)";
				CODE_SIGN_STYLE = Automatic;
				INFOPLIST_FILE = FilmAppTests/Info.plist;
				IPHONEOS_DEPLOYMENT_TARGET = 13.2;
				LD_RUNPATH_SEARCH_PATHS = (
					"$(inherited)",
					"@executable_path/Frameworks",
					"@loader_path/Frameworks",
				);
				PRODUCT_BUNDLE_IDENTIFIER = com.romina.FilmAppTests;
				PRODUCT_NAME = "$(TARGET_NAME)";
				SWIFT_VERSION = 5.0;
				TARGETED_DEVICE_FAMILY = "1,2";
				TEST_HOST = "$(BUILT_PRODUCTS_DIR)/FilmApp.app/FilmApp";
			};
			name = Debug;
		};
		49716078241BF6110076CC83 /* Release */ = {
			isa = XCBuildConfiguration;
			baseConfigurationReference = C898D01636C177A397C10000 /* Pods-FilmAppTests.release.xcconfig */;
			buildSettings = {
				ALWAYS_EMBED_SWIFT_STANDARD_LIBRARIES = YES;
				BUNDLE_LOADER = "$(TEST_HOST)";
				CODE_SIGN_STYLE = Automatic;
				INFOPLIST_FILE = FilmAppTests/Info.plist;
				IPHONEOS_DEPLOYMENT_TARGET = 13.2;
				LD_RUNPATH_SEARCH_PATHS = (
					"$(inherited)",
					"@executable_path/Frameworks",
					"@loader_path/Frameworks",
				);
				PRODUCT_BUNDLE_IDENTIFIER = com.romina.FilmAppTests;
				PRODUCT_NAME = "$(TARGET_NAME)";
				SWIFT_VERSION = 5.0;
				TARGETED_DEVICE_FAMILY = "1,2";
				TEST_HOST = "$(BUILT_PRODUCTS_DIR)/FilmApp.app/FilmApp";
			};
			name = Release;
		};
		4971607A241BF6110076CC83 /* Debug */ = {
			isa = XCBuildConfiguration;
			baseConfigurationReference = B75A5E37500E42B8A693B756 /* Pods-FilmApp-FilmAppUITests.debug.xcconfig */;
			buildSettings = {
				ALWAYS_EMBED_SWIFT_STANDARD_LIBRARIES = YES;
				CODE_SIGN_STYLE = Automatic;
				INFOPLIST_FILE = FilmAppUITests/Info.plist;
				LD_RUNPATH_SEARCH_PATHS = (
					"$(inherited)",
					"@executable_path/Frameworks",
					"@loader_path/Frameworks",
				);
				PRODUCT_BUNDLE_IDENTIFIER = com.romina.FilmAppUITests;
				PRODUCT_NAME = "$(TARGET_NAME)";
				SWIFT_VERSION = 5.0;
				TARGETED_DEVICE_FAMILY = "1,2";
				TEST_TARGET_NAME = FilmApp;
			};
			name = Debug;
		};
		4971607B241BF6110076CC83 /* Release */ = {
			isa = XCBuildConfiguration;
			baseConfigurationReference = F51FA5523BEA50F11238EDD8 /* Pods-FilmApp-FilmAppUITests.release.xcconfig */;
			buildSettings = {
				ALWAYS_EMBED_SWIFT_STANDARD_LIBRARIES = YES;
				CODE_SIGN_STYLE = Automatic;
				INFOPLIST_FILE = FilmAppUITests/Info.plist;
				LD_RUNPATH_SEARCH_PATHS = (
					"$(inherited)",
					"@executable_path/Frameworks",
					"@loader_path/Frameworks",
				);
				PRODUCT_BUNDLE_IDENTIFIER = com.romina.FilmAppUITests;
				PRODUCT_NAME = "$(TARGET_NAME)";
				SWIFT_VERSION = 5.0;
				TARGETED_DEVICE_FAMILY = "1,2";
				TEST_TARGET_NAME = FilmApp;
			};
			name = Release;
		};
/* End XCBuildConfiguration section */

/* Begin XCConfigurationList section */
		49716041241BF6100076CC83 /* Build configuration list for PBXProject "FilmApp" */ = {
			isa = XCConfigurationList;
			buildConfigurations = (
				49716071241BF6110076CC83 /* Debug */,
				49716072241BF6110076CC83 /* Release */,
			);
			defaultConfigurationIsVisible = 0;
			defaultConfigurationName = Release;
		};
		49716073241BF6110076CC83 /* Build configuration list for PBXNativeTarget "FilmApp" */ = {
			isa = XCConfigurationList;
			buildConfigurations = (
				49716074241BF6110076CC83 /* Debug */,
				49716075241BF6110076CC83 /* Release */,
			);
			defaultConfigurationIsVisible = 0;
			defaultConfigurationName = Release;
		};
		49716076241BF6110076CC83 /* Build configuration list for PBXNativeTarget "FilmAppTests" */ = {
			isa = XCConfigurationList;
			buildConfigurations = (
				49716077241BF6110076CC83 /* Debug */,
				49716078241BF6110076CC83 /* Release */,
			);
			defaultConfigurationIsVisible = 0;
			defaultConfigurationName = Release;
		};
		49716079241BF6110076CC83 /* Build configuration list for PBXNativeTarget "FilmAppUITests" */ = {
			isa = XCConfigurationList;
			buildConfigurations = (
				4971607A241BF6110076CC83 /* Debug */,
				4971607B241BF6110076CC83 /* Release */,
			);
			defaultConfigurationIsVisible = 0;
			defaultConfigurationName = Release;
		};
/* End XCConfigurationList section */

/* Begin XCVersionGroup section */
		49716052241BF6100076CC83 /* FilmApp.xcdatamodeld */ = {
			isa = XCVersionGroup;
			children = (
				49716053241BF6100076CC83 /* FilmApp.xcdatamodel */,
			);
			currentVersion = 49716053241BF6100076CC83 /* FilmApp.xcdatamodel */;
			path = FilmApp.xcdatamodeld;
			sourceTree = "<group>";
			versionGroupType = wrapper.xcdatamodel;
		};
/* End XCVersionGroup section */
	};
	rootObject = 4971603E241BF6100076CC83 /* Project object */;
}
